
Microsoft Visual Studio Solution File, Format Version 12.00
# Visual Studio Version 16
VisualStudioVersion = 16.0.30503.244
MinimumVisualStudioVersion = 10.0.40219.1
Project("{FAE04EC0-301F-11D3-BF4B-00C04F79EFBC}") = "WebNetCoreProjectApp", "WebNetCoreProjectApp\WebNetCoreProjectApp.csproj", "{4770AC0F-AC60-4FDA-B19B-B1866093B319}"
EndProject
Global
	GlobalSection(SolutionConfigurationPlatforms) = preSolution
		Debug|Any CPU = Debug|Any CPU
		Release|Any CPU = Release|Any CPU
	EndGlobalSection
	GlobalSection(ProjectConfigurationPlatforms) = postSolution
		{4770AC0F-AC60-4FDA-B19B-B1866093B319}.Debug|Any CPU.ActiveCfg = Debug|Any CPU
		{4770AC0F-AC60-4FDA-B19B-B1866093B319}.Debug|Any CPU.Build.0 = Debug|Any CPU
		{4770AC0F-AC60-4FDA-B19B-B1866093B319}.Release|Any CPU.ActiveCfg = Release|Any CPU
		{4770AC0F-AC60-4FDA-B19B-B1866093B319}.Release|Any CPU.Build.0 = Release|Any CPU
	EndGlobalSection
	GlobalSection(SolutionProperties) = preSolution
		HideSolutionNode = FALSE
	EndGlobalSection
	GlobalSection(ExtensibilityGlobals) = postSolution
		SolutionGuid = {DA6F1906-57B0-4C2C-9B1F-22ED406AB5F9}
	EndGlobalSection
EndGlobal
